
Microsoft Visual Studio Solution File, Format Version 12.00
# Visual Studio 15
VisualStudioVersion = 15.0.28307.168
MinimumVisualStudioVersion = 10.0.40219.1
Project("{9A19103F-16F7-4668-BE54-9A1E7A4F7556}") = "DreamsPool", "DreamsPool\DreamsPool.csproj", "{6C3670B7-F581-4B08-A3AE-12485750E3B5}"
EndProject
Global
	GlobalSection(SolutionConfigurationPlatforms) = preSolution
		Debug|Any CPU = Debug|Any CPU
		Release|Any CPU = Release|Any CPU
	EndGlobalSection
	GlobalSection(ProjectConfigurationPlatforms) = postSolution
		{6C3670B7-F581-4B08-A3AE-12485750E3B5}.Debug|Any CPU.ActiveCfg = Debug|Any CPU
		{6C3670B7-F581-4B08-A3AE-12485750E3B5}.Debug|Any CPU.Build.0 = Debug|Any CPU
		{6C3670B7-F581-4B08-A3AE-12485750E3B5}.Release|Any CPU.ActiveCfg = Release|Any CPU
		{6C3670B7-F581-4B08-A3AE-12485750E3B5}.Release|Any CPU.Build.0 = Release|Any CPU
	EndGlobalSection
	GlobalSection(SolutionProperties) = preSolution
		HideSolutionNode = FALSE
	EndGlobalSection
	GlobalSection(ExtensibilityGlobals) = postSolution
		SolutionGuid = {EA7ABC93-D9D4-49F6-946B-1AEFF363C238}
	EndGlobalSection
EndGlobal
